
Microsoft Visual Studio Solution File, Format Version 12.00
# Visual Studio Version 17
VisualStudioVersion = 17.8.34330.188
MinimumVisualStudioVersion = 10.0.40219.1
Project("{FAE04EC0-301F-11D3-BF4B-00C04F79EFBC}") = "Rental.API", "Rental.API\Rental.API.csproj", "{788BB18B-5D29-466A-8633-92CAB8B9704D}"
EndProject
Global
	GlobalSection(SolutionConfigurationPlatforms) = preSolution
		Debug|Any CPU = Debug|Any CPU
		Release|Any CPU = Release|Any CPU
	EndGlobalSection
	GlobalSection(ProjectConfigurationPlatforms) = postSolution
		{788BB18B-5D29-466A-8633-92CAB8B9704D}.Debug|Any CPU.ActiveCfg = Debug|Any CPU
		{788BB18B-5D29-466A-8633-92CAB8B9704D}.Debug|Any CPU.Build.0 = Debug|Any CPU
		{788BB18B-5D29-466A-8633-92CAB8B9704D}.Release|Any CPU.ActiveCfg = Release|Any CPU
		{788BB18B-5D29-466A-8633-92CAB8B9704D}.Release|Any CPU.Build.0 = Release|Any CPU
	EndGlobalSection
	GlobalSection(SolutionProperties) = preSolution
		HideSolutionNode = FALSE
	EndGlobalSection
	GlobalSection(ExtensibilityGlobals) = postSolution
		SolutionGuid = {F5B685E6-0E73-4CB4-AB2B-26683F9364E2}
	EndGlobalSection
EndGlobal
